// !$*UTF8*$!
{
	archiveVersion = 1;
	classes = {
	};
	objectVersion = 50;
	objects = {

/* Begin PBXBuildFile section */
		C295E6A121C503EC00ED3837 /* AppDelegate.swift in Sources */ = {isa = PBXBuildFile; fileRef = C295E6A021C503EC00ED3837 /* AppDelegate.swift */; };
		C295E6A321C503EC00ED3837 /* ViewController.swift in Sources */ = {isa = PBXBuildFile; fileRef = C295E6A221C503EC00ED3837 /* ViewController.swift */; };
		C295E6A621C503EC00ED3837 /* Main.storyboard in Resources */ = {isa = PBXBuildFile; fileRef = C295E6A421C503EC00ED3837 /* Main.storyboard */; };
		C295E6A821C503F000ED3837 /* Assets.xcassets in Resources */ = {isa = PBXBuildFile; fileRef = C295E6A721C503F000ED3837 /* Assets.xcassets */; };
		C295E6AB21C503F000ED3837 /* LaunchScreen.storyboard in Resources */ = {isa = PBXBuildFile; fileRef = C295E6A921C503F000ED3837 /* LaunchScreen.storyboard */; };
		C295E6B621C503F100ED3837 /* ZomatoPracticeTests.swift in Sources */ = {isa = PBXBuildFile; fileRef = C295E6B521C503F100ED3837 /* ZomatoPracticeTests.swift */; };
		C295E6C121C503F100ED3837 /* ZomatoPracticeUITests.swift in Sources */ = {isa = PBXBuildFile; fileRef = C295E6C021C503F100ED3837 /* ZomatoPracticeUITests.swift */; };
/* End PBXBuildFile section */

/* Begin PBXContainerItemProxy section */
		C295E6B221C503F100ED3837 /* PBXContainerItemProxy */ = {
			isa = PBXContainerItemProxy;
			containerPortal = C295E69521C503EC00ED3837 /* Project object */;
			proxyType = 1;
			remoteGlobalIDString = C295E69C21C503EC00ED3837;
			remoteInfo = ZomatoPractice;
		};
		C295E6BD21C503F100ED3837 /* PBXContainerItemProxy */ = {
			isa = PBXContainerItemProxy;
			containerPortal = C295E69521C503EC00ED3837 /* Project object */;
			proxyType = 1;
			remoteGlobalIDString = C295E69C21C503EC00ED3837;
			remoteInfo = ZomatoPractice;
		};
/* End PBXContainerItemProxy section */

/* Begin PBXFileReference section */
		C295E69D21C503EC00ED3837 /* ZomatoPractice.app */ = {isa = PBXFileReference; explicitFileType = wrapper.application; includeInIndex = 0; path = ZomatoPractice.app; sourceTree = BUILT_PRODUCTS_DIR; };
		C295E6A021C503EC00ED3837 /* AppDelegate.swift */ = {isa = PBXFileReference; lastKnownFileType = sourcecode.swift; path = AppDelegate.swift; sourceTree = "<group>"; };
		C295E6A221C503EC00ED3837 /* ViewController.swift */ = {isa = PBXFileReference; lastKnownFileType = sourcecode.swift; path = ViewController.swift; sourceTree = "<group>"; };
		C295E6A521C503EC00ED3837 /* Base */ = {isa = PBXFileReference; lastKnownFileType = file.storyboard; name = Base; path = Base.lproj/Main.storyboard; sourceTree = "<group>"; };
		C295E6A721C503F000ED3837 /* Assets.xcassets */ = {isa = PBXFileReference; lastKnownFileType = folder.assetcatalog; path = Assets.xcassets; sourceTree = "<group>"; };
		C295E6AA21C503F000ED3837 /* Base */ = {isa = PBXFileReference; lastKnownFileType = file.storyboard; name = Base; path = Base.lproj/LaunchScreen.storyboard; sourceTree = "<group>"; };
		C295E6AC21C503F000ED3837 /* Info.plist */ = {isa = PBXFileReference; lastKnownFileType = text.plist.xml; path = Info.plist; sourceTree = "<group>"; };
		C295E6B121C503F100ED3837 /* ZomatoPracticeTests.xctest */ = {isa = PBXFileReference; explicitFileType = wrapper.cfbundle; includeInIndex = 0; path = ZomatoPracticeTests.xctest; sourceTree = BUILT_PRODUCTS_DIR; };
		C295E6B521C503F100ED3837 /* ZomatoPracticeTests.swift */ = {isa = PBXFileReference; lastKnownFileType = sourcecode.swift; path = ZomatoPracticeTests.swift; sourceTree = "<group>"; };
		C295E6B721C503F100ED3837 /* Info.plist */ = {isa = PBXFileReference; lastKnownFileType = text.plist.xml; path = Info.plist; sourceTree = "<group>"; };
		C295E6BC21C503F100ED3837 /* ZomatoPracticeUITests.xctest */ = {isa = PBXFileReference; explicitFileType = wrapper.cfbundle; includeInIndex = 0; path = ZomatoPracticeUITests.xctest; sourceTree = BUILT_PRODUCTS_DIR; };
		C295E6C021C503F100ED3837 /* ZomatoPracticeUITests.swift */ = {isa = PBXFileReference; lastKnownFileType = sourcecode.swift; path = ZomatoPracticeUITests.swift; sourceTree = "<group>"; };
		C295E6C221C503F100ED3837 /* Info.plist */ = {isa = PBXFileReference; lastKnownFileType = text.plist.xml; path = Info.plist; sourceTree = "<group>"; };
/* End PBXFileReference section */

/* Begin PBXFrameworksBuildPhase section */
		C295E69A21C503EC00ED3837 /* Frameworks */ = {
			isa = PBXFrameworksBuildPhase;
			buildActionMask = 2147483647;
			files = (
			);
			runOnlyForDeploymentPostprocessing = 0;
		};
		C295E6AE21C503F100ED3837 /* Frameworks */ = {
			isa = PBXFrameworksBuildPhase;
			buildActionMask = 2147483647;
			files = (
			);
			runOnlyForDeploymentPostprocessing = 0;
		};
		C295E6B921C503F100ED3837 /* Frameworks */ = {
			isa = PBXFrameworksBuildPhase;
			buildActionMask = 2147483647;
			files = (
			);
			runOnlyForDeploymentPostprocessing = 0;
		};
/* End PBXFrameworksBuildPhase section */

/* Begin PBXGroup section */
		C295E69421C503EC00ED3837 = {
			isa = PBXGroup;
			children = (
				C295E69F21C503EC00ED3837 /* ZomatoPractice */,
				C295E6B421C503F100ED3837 /* ZomatoPracticeTests */,
				C295E6BF21C503F100ED3837 /* ZomatoPracticeUITests */,
				C295E69E21C503EC00ED3837 /* Products */,
			);
			sourceTree = "<group>";
		};
		C295E69E21C503EC00ED3837 /* Products */ = {
			isa = PBXGroup;
			children = (
				C295E69D21C503EC00ED3837 /* ZomatoPractice.app */,
				C295E6B121C503F100ED3837 /* ZomatoPracticeTests.xctest */,
				C295E6BC21C503F100ED3837 /* ZomatoPracticeUITests.xctest */,
			);
			name = Products;
			sourceTree = "<group>";
		};
		C295E69F21C503EC00ED3837 /* ZomatoPractice */ = {
			isa = PBXGroup;
			children = (
				C295E6A021C503EC00ED3837 /* AppDelegate.swift */,
				C295E6A221C503EC00ED3837 /* ViewController.swift */,
				C295E6A421C503EC00ED3837 /* Main.storyboard */,
				C295E6A721C503F000ED3837 /* Assets.xcassets */,
				C295E6A921C503F000ED3837 /* LaunchScreen.storyboard */,
				C295E6AC21C503F000ED3837 /* Info.plist */,
			);
			path = ZomatoPractice;
			sourceTree = "<group>";
		};
		C295E6B421C503F100ED3837 /* ZomatoPracticeTests */ = {
			isa = PBXGroup;
			children = (
				C295E6B521C503F100ED3837 /* ZomatoPracticeTests.swift */,
				C295E6B721C503F100ED3837 /* Info.plist */,
			);
			path = ZomatoPracticeTests;
			sourceTree = "<group>";
		};
		C295E6BF21C503F100ED3837 /* ZomatoPracticeUITests */ = {
			isa = PBXGroup;
			children = (
				C295E6C021C503F100ED3837 /* ZomatoPracticeUITests.swift */,
				C295E6C221C503F100ED3837 /* Info.plist */,
			);
			path = ZomatoPracticeUITests;
			sourceTree = "<group>";
		};
/* End PBXGroup section */

/* Begin PBXNativeTarget section */
		C295E69C21C503EC00ED3837 /* ZomatoPractice */ = {
			isa = PBXNativeTarget;
			buildConfigurationList = C295E6C521C503F100ED3837 /* Build configuration list for PBXNativeTarget "ZomatoPractice" */;
			buildPhases = (
				C295E69921C503EC00ED3837 /* Sources */,
				C295E69A21C503EC00ED3837 /* Frameworks */,
				C295E69B21C503EC00ED3837 /* Resources */,
			);
			buildRules = (
			);
			dependencies = (
			);
			name = ZomatoPractice;
			productName = ZomatoPractice;
			productReference = C295E69D21C503EC00ED3837 /* ZomatoPractice.app */;
			productType = "com.apple.product-type.application";
		};
		C295E6B021C503F100ED3837 /* ZomatoPracticeTests */ = {
			isa = PBXNativeTarget;
			buildConfigurationList = C295E6C821C503F100ED3837 /* Build configuration list for PBXNativeTarget "ZomatoPracticeTests" */;
			buildPhases = (
				C295E6AD21C503F100ED3837 /* Sources */,
				C295E6AE21C503F100ED3837 /* Frameworks */,
				C295E6AF21C503F100ED3837 /* Resources */,
			);
			buildRules = (
			);
			dependencies = (
				C295E6B321C503F100ED3837 /* PBXTargetDependency */,
			);
			name = ZomatoPracticeTests;
			productName = ZomatoPracticeTests;
			productReference = C295E6B121C503F100ED3837 /* ZomatoPracticeTests.xctest */;
			productType = "com.apple.product-type.bundle.unit-test";
		};
		C295E6BB21C503F100ED3837 /* ZomatoPracticeUITests */ = {
			isa = PBXNativeTarget;
			buildConfigurationList = C295E6CB21C503F100ED3837 /* Build configuration list for PBXNativeTarget "ZomatoPracticeUITests" */;
			buildPhases = (
				C295E6B821C503F100ED3837 /* Sources */,
				C295E6B921C503F100ED3837 /* Frameworks */,
				C295E6BA21C503F100ED3837 /* Resources */,
			);
			buildRules = (
			);
			dependencies = (
				C295E6BE21C503F100ED3837 /* PBXTargetDependency */,
			);
			name = ZomatoPracticeUITests;
			productName = ZomatoPracticeUITests;
			productReference = C295E6BC21C503F100ED3837 /* ZomatoPracticeUITests.xctest */;
			productType = "com.apple.product-type.bundle.ui-testing";
		};
/* End PBXNativeTarget section */

/* Begin PBXProject section */
		C295E69521C503EC00ED3837 /* Project object */ = {
			isa = PBXProject;
			attributes = {
				LastSwiftUpdateCheck = 1000;
				LastUpgradeCheck = 1000;
				ORGANIZATIONNAME = "iOS Training";
				TargetAttributes = {
					C295E69C21C503EC00ED3837 = {
						CreatedOnToolsVersion = 10.0;
					};
					C295E6B021C503F100ED3837 = {
						CreatedOnToolsVersion = 10.0;
						TestTargetID = C295E69C21C503EC00ED3837;
					};
					C295E6BB21C503F100ED3837 = {
						CreatedOnToolsVersion = 10.0;
						TestTargetID = C295E69C21C503EC00ED3837;
					};
				};
			};
			buildConfigurationList = C295E69821C503EC00ED3837 /* Build configuration list for PBXProject "ZomatoPractice" */;
			compatibilityVersion = "Xcode 9.3";
			developmentRegion = en;
			hasScannedForEncodings = 0;
			knownRegions = (
				en,
				Base,
			);
			mainGroup = C295E69421C503EC00ED3837;
			productRefGroup = C295E69E21C503EC00ED3837 /* Products */;
			projectDirPath = "";
			projectRoot = "";
			targets = (
				C295E69C21C503EC00ED3837 /* ZomatoPractice */,
				C295E6B021C503F100ED3837 /* ZomatoPracticeTests */,
				C295E6BB21C503F100ED3837 /* ZomatoPracticeUITests */,
			);
		};
/* End PBXProject section */

/* Begin PBXResourcesBuildPhase section */
		C295E69B21C503EC00ED3837 /* Resources */ = {
			isa = PBXResourcesBuildPhase;
			buildActionMask = 2147483647;
			files = (
				C295E6AB21C503F000ED3837 /* LaunchScreen.storyboard in Resources */,
				C295E6A821C503F000ED3837 /* Assets.xcassets in Resources */,
				C295E6A621C503EC00ED3837 /* Main.storyboard in Resources */,
			);
			runOnlyForDeploymentPostprocessing = 0;
		};
		C295E6AF21C503F100ED3837 /* Resources */ = {
			isa = PBXResourcesBuildPhase;
			buildActionMask = 2147483647;
			files = (
			);
			runOnlyForDeploymentPostprocessing = 0;
		};
		C295E6BA21C503F100ED3837 /* Resources */ = {
			isa = PBXResourcesBuildPhase;
			buildActionMask = 2147483647;
			files = (
			);
			runOnlyForDeploymentPostprocessing = 0;
		};
/* End PBXResourcesBuildPhase section */

/* Begin PBXSourcesBuildPhase section */
		C295E69921C503EC00ED3837 /* Sources */ = {
			isa = PBXSourcesBuildPhase;
			buildActionMask = 2147483647;
			files = (
				C295E6A321C503EC00ED3837 /* ViewController.swift in Sources */,
				C295E6A121C503EC00ED3837 /* AppDelegate.swift in Sources */,
			);
			runOnlyForDeploymentPostprocessing = 0;
		};
		C295E6AD21C503F100ED3837 /* Sources */ = {
			isa = PBXSourcesBuildPhase;
			buildActionMask = 2147483647;
			files = (
				C295E6B621C503F100ED3837 /* ZomatoPracticeTests.swift in Sources */,
			);
			runOnlyForDeploymentPostprocessing = 0;
		};
		C295E6B821C503F100ED3837 /* Sources */ = {
			isa = PBXSourcesBuildPhase;
			buildActionMask = 2147483647;
			files = (
				C295E6C121C503F100ED3837 /* ZomatoPracticeUITests.swift in Sources */,
			);
			runOnlyForDeploymentPostprocessing = 0;
		};
/* End PBXSourcesBuildPhase section */

/* Begin PBXTargetDependency section */
		C295E6B321C503F100ED3837 /* PBXTargetDependency */ = {
			isa = PBXTargetDependency;
			target = C295E69C21C503EC00ED3837 /* ZomatoPractice */;
			targetProxy = C295E6B221C503F100ED3837 /* PBXContainerItemProxy */;
		};
		C295E6BE21C503F100ED3837 /* PBXTargetDependency */ = {
			isa = PBXTargetDependency;
			target = C295E69C21C503EC00ED3837 /* ZomatoPractice */;
			targetProxy = C295E6BD21C503F100ED3837 /* PBXContainerItemProxy */;
		};
/* End PBXTargetDependency section */

/* Begin PBXVariantGroup section */
		C295E6A421C503EC00ED3837 /* Main.storyboard */ = {
			isa = PBXVariantGroup;
			children = (
				C295E6A521C503EC00ED3837 /* Base */,
			);
			name = Main.storyboard;
			sourceTree = "<group>";
		};
		C295E6A921C503F000ED3837 /* LaunchScreen.storyboard */ = {
			isa = PBXVariantGroup;
			children = (
				C295E6AA21C503F000ED3837 /* Base */,
			);
			name = LaunchScreen.storyboard;
			sourceTree = "<group>";
		};
/* End PBXVariantGroup section */

/* Begin XCBuildConfiguration section */
		C295E6C321C503F100ED3837 /* Debug */ = {
			isa = XCBuildConfiguration;
			buildSettings = {
				ALWAYS_SEARCH_USER_PATHS = NO;
				CLANG_ANALYZER_NONNULL = YES;
				CLANG_ANALYZER_NUMBER_OBJECT_CONVERSION = YES_AGGRESSIVE;
				CLANG_CXX_LANGUAGE_STANDARD = "gnu++14";
				CLANG_CXX_LIBRARY = "libc++";
				CLANG_ENABLE_MODULES = YES;
				CLANG_ENABLE_OBJC_ARC = YES;
				CLANG_ENABLE_OBJC_WEAK = YES;
				CLANG_WARN_BLOCK_CAPTURE_AUTORELEASING = YES;
				CLANG_WARN_BOOL_CONVERSION = YES;
				CLANG_WARN_COMMA = YES;
				CLANG_WARN_CONSTANT_CONVERSION = YES;
				CLANG_WARN_DEPRECATED_OBJC_IMPLEMENTATIONS = YES;
				CLANG_WARN_DIRECT_OBJC_ISA_USAGE = YES_ERROR;
				CLANG_WARN_DOCUMENTATION_COMMENTS = YES;
				CLANG_WARN_EMPTY_BODY = YES;
				CLANG_WARN_ENUM_CONVERSION = YES;
				CLANG_WARN_INFINITE_RECURSION = YES;
				CLANG_WARN_INT_CONVERSION = YES;
				CLANG_WARN_NON_LITERAL_NULL_CONVERSION = YES;
				CLANG_WARN_OBJC_IMPLICIT_RETAIN_SELF = YES;
				CLANG_WARN_OBJC_LITERAL_CONVERSION = YES;
				CLANG_WARN_OBJC_ROOT_CLASS = YES_ERROR;
				CLANG_WARN_RANGE_LOOP_ANALYSIS = YES;
				CLANG_WARN_STRICT_PROTOTYPES = YES;
				CLANG_WARN_SUSPICIOUS_MOVE = YES;
				CLANG_WARN_UNGUARDED_AVAILABILITY = YES_AGGRESSIVE;
				CLANG_WARN_UNREACHABLE_CODE = YES;
				CLANG_WARN__DUPLICATE_METHOD_MATCH = YES;
				CODE_SIGN_IDENTITY = "iPhone Developer";
				COPY_PHASE_STRIP = NO;
				DEBUG_INFORMATION_FORMAT = dwarf;
				ENABLE_STRICT_OBJC_MSGSEND = YES;
				ENABLE_TESTABILITY = YES;
				GCC_C_LANGUAGE_STANDARD = gnu11;
				GCC_DYNAMIC_NO_PIC = NO;
				GCC_NO_COMMON_BLOCKS = YES;
				GCC_OPTIMIZATION_LEVEL = 0;
				GCC_PREPROCESSOR_DEFINITIONS = (
					"DEBUG=1",
					"$(inherited)",
				);
				GCC_WARN_64_TO_32_BIT_CONVERSION = YES;
				GCC_WARN_ABOUT_RETURN_TYPE = YES_ERROR;
				GCC_WARN_UNDECLARED_SELECTOR = YES;
				GCC_WARN_UNINITIALIZED_AUTOS = YES_AGGRESSIVE;
				GCC_WARN_UNUSED_FUNCTION = YES;
				GCC_WARN_UNUSED_VARIABLE = YES;
				IPHONEOS_DEPLOYMENT_TARGET = 12.0;
				MTL_ENABLE_DEBUG_INFO = INCLUDE_SOURCE;
				MTL_FAST_MATH = YES;
				ONLY_ACTIVE_ARCH = YES;
				SDKROOT = iphoneos;
				SWIFT_ACTIVE_COMPILATION_CONDITIONS = DEBUG;
				SWIFT_OPTIMIZATION_LEVEL = "-Onone";
			};
			name = Debug;
		};
		C295E6C421C503F100ED3837 /* Release */ = {
			isa = XCBuildConfiguration;
			buildSettings = {
				ALWAYS_SEARCH_USER_PATHS = NO;
				CLANG_ANALYZER_NONNULL = YES;
				CLANG_ANALYZER_NUMBER_OBJECT_CONVERSION = YES_AGGRESSIVE;
				CLANG_CXX_LANGUAGE_STANDARD = "gnu++14";
				CLANG_CXX_LIBRARY = "libc++";
				CLANG_ENABLE_MODULES = YES;
				CLANG_ENABLE_OBJC_ARC = YES;
				CLANG_ENABLE_OBJC_WEAK = YES;
				CLANG_WARN_BLOCK_CAPTURE_AUTORELEASING = YES;
				CLANG_WARN_BOOL_CONVERSION = YES;
				CLANG_WARN_COMMA = YES;
				CLANG_WARN_CONSTANT_CONVERSION = YES;
				CLANG_WARN_DEPRECATED_OBJC_IMPLEMENTATIONS = YES;
				CLANG_WARN_DIRECT_OBJC_ISA_USAGE = YES_ERROR;
				CLANG_WARN_DOCUMENTATION_COMMENTS = YES;
				CLANG_WARN_EMPTY_BODY = YES;
				CLANG_WARN_ENUM_CONVERSION = YES;
				CLANG_WARN_INFINITE_RECURSION = YES;
				CLANG_WARN_INT_CONVERSION = YES;
				CLANG_WARN_NON_LITERAL_NULL_CONVERSION = YES;
				CLANG_WARN_OBJC_IMPLICIT_RETAIN_SELF = YES;
				CLANG_WARN_OBJC_LITERAL_CONVERSION = YES;
				CLANG_WARN_OBJC_ROOT_CLASS = YES_ERROR;
				CLANG_WARN_RANGE_LOOP_ANALYSIS = YES;
				CLANG_WARN_STRICT_PROTOTYPES = YES;
				CLANG_WARN_SUSPICIOUS_MOVE = YES;
				CLANG_WARN_UNGUARDED_AVAILABILITY = YES_AGGRESSIVE;
				CLANG_WARN_UNREACHABLE_CODE = YES;
				CLANG_WARN__DUPLICATE_METHOD_MATCH = YES;
				CODE_SIGN_IDENTITY = "iPhone Developer";
				COPY_PHASE_STRIP = NO;
				DEBUG_INFORMATION_FORMAT = "dwarf-with-dsym";
				ENABLE_NS_ASSERTIONS = NO;
				ENABLE_STRICT_OBJC_MSGSEND = YES;
				GCC_C_LANGUAGE_STANDARD = gnu11;
				GCC_NO_COMMON_BLOCKS = YES;
				GCC_WARN_64_TO_32_BIT_CONVERSION = YES;
				GCC_WARN_ABOUT_RETURN_TYPE = YES_ERROR;
				GCC_WARN_UNDECLARED_SELECTOR = YES;
				GCC_WARN_UNINITIALIZED_AUTOS = YES_AGGRESSIVE;
				GCC_WARN_UNUSED_FUNCTION = YES;
				GCC_WARN_UNUSED_VARIABLE = YES;
				IPHONEOS_DEPLOYMENT_TARGET = 12.0;
				MTL_ENABLE_DEBUG_INFO = NO;
				MTL_FAST_MATH = YES;
				SDKROOT = iphoneos;
				SWIFT_COMPILATION_MODE = wholemodule;
				SWIFT_OPTIMIZATION_LEVEL = "-O";
				VALIDATE_PRODUCT = YES;
			};
			name = Release;
		};
		C295E6C621C503F100ED3837 /* Debug */ = {
			isa = XCBuildConfiguration;
			buildSettings = {
				ASSETCATALOG_COMPILER_APPICON_NAME = AppIcon;
				CODE_SIGN_STYLE = Automatic;
				INFOPLIST_FILE = ZomatoPractice/Info.plist;
				LD_RUNPATH_SEARCH_PATHS = (
					"$(inherited)",
					"@executable_path/Frameworks",
				);
				PRODUCT_BUNDLE_IDENTIFIER = Haritech.ZomatoPractice;
				PRODUCT_NAME = "$(TARGET_NAME)";
				SWIFT_VERSION = 4.2;
				TARGETED_DEVICE_FAMILY = "1,2";
			};
			name = Debug;
		};
		C295E6C721C503F100ED3837 /* Release */ = {
			isa = XCBuildConfiguration;
			buildSettings = {
				ASSETCATALOG_COMPILER_APPICON_NAME = AppIcon;
				CODE_SIGN_STYLE = Automatic;
				INFOPLIST_FILE = ZomatoPractice/Info.plist;
				LD_RUNPATH_SEARCH_PATHS = (
					"$(inherited)",
					"@executable_path/Frameworks",
				);
				PRODUCT_BUNDLE_IDENTIFIER = Haritech.ZomatoPractice;
				PRODUCT_NAME = "$(TARGET_NAME)";
				SWIFT_VERSION = 4.2;
				TARGETED_DEVICE_FAMILY = "1,2";
			};
			name = Release;
		};
		C295E6C921C503F100ED3837 /* Debug */ = {
			isa = XCBuildConfiguration;
			buildSettings = {
				ALWAYS_EMBED_SWIFT_STANDARD_LIBRARIES = YES;
				BUNDLE_LOADER = "$(TEST_HOST)";
				CODE_SIGN_STYLE = Automatic;
				INFOPLIST_FILE = ZomatoPracticeTests/Info.plist;
				LD_RUNPATH_SEARCH_PATHS = (
					"$(inherited)",
					"@executable_path/Frameworks",
					"@loader_path/Frameworks",
				);
				PRODUCT_BUNDLE_IDENTIFIER = Haritech.ZomatoPracticeTests;
				PRODUCT_NAME = "$(TARGET_NAME)";
				SWIFT_VERSION = 4.2;
				TARGETED_DEVICE_FAMILY = "1,2";
				TEST_HOST = "$(BUILT_PRODUCTS_DIR)/ZomatoPractice.app/ZomatoPractice";
			};
			name = Debug;
		};
		C295E6CA21C503F100ED3837 /* Release */ = {
			isa = XCBuildConfiguration;
			buildSettings = {
				ALWAYS_EMBED_SWIFT_STANDARD_LIBRARIES = YES;
				BUNDLE_LOADER = "$(TEST_HOST)";
				CODE_SIGN_STYLE = Automatic;
				INFOPLIST_FILE = ZomatoPracticeTests/Info.plist;
				LD_RUNPATH_SEARCH_PATHS = (
					"$(inherited)",
					"@executable_path/Frameworks",
					"@loader_path/Frameworks",
				);
				PRODUCT_BUNDLE_IDENTIFIER = Haritech.ZomatoPracticeTests;
				PRODUCT_NAME = "$(TARGET_NAME)";
				SWIFT_VERSION = 4.2;
				TARGETED_DEVICE_FAMILY = "1,2";
				TEST_HOST = "$(BUILT_PRODUCTS_DIR)/ZomatoPractice.app/ZomatoPractice";
			};
			name = Release;
		};
		C295E6CC21C503F100ED3837 /* Debug */ = {
			isa = XCBuildConfiguration;
			buildSettings = {
				ALWAYS_EMBED_SWIFT_STANDARD_LIBRARIES = YES;
				CODE_SIGN_STYLE = Automatic;
				INFOPLIST_FILE = ZomatoPracticeUITests/Info.plist;
				LD_RUNPATH_SEARCH_PATHS = (
					"$(inherited)",
					"@executable_path/Frameworks",
					"@loader_path/Frameworks",
				);
				PRODUCT_BUNDLE_IDENTIFIER = Haritech.ZomatoPracticeUITests;
				PRODUCT_NAME = "$(TARGET_NAME)";
				SWIFT_VERSION = 4.2;
				TARGETED_DEVICE_FAMILY = "1,2";
				TEST_TARGET_NAME = ZomatoPractice;
			};
			name = Debug;
		};
		C295E6CD21C503F100ED3837 /* Release */ = {
			isa = XCBuildConfiguration;
			buildSettings = {
				ALWAYS_EMBED_SWIFT_STANDARD_LIBRARIES = YES;
				CODE_SIGN_STYLE = Automatic;
				INFOPLIST_FILE = ZomatoPracticeUITests/Info.plist;
				LD_RUNPATH_SEARCH_PATHS = (
					"$(inherited)",
					"@executable_path/Frameworks",
					"@loader_path/Frameworks",
				);
				PRODUCT_BUNDLE_IDENTIFIER = Haritech.ZomatoPracticeUITests;
				PRODUCT_NAME = "$(TARGET_NAME)";
				SWIFT_VERSION = 4.2;
				TARGETED_DEVICE_FAMILY = "1,2";
				TEST_TARGET_NAME = ZomatoPractice;
			};
			name = Release;
		};
/* End XCBuildConfiguration section */

/* Begin XCConfigurationList section */
		C295E69821C503EC00ED3837 /* Build configuration list for PBXProject "ZomatoPractice" */ = {
			isa = XCConfigurationList;
			buildConfigurations = (
				C295E6C321C503F100ED3837 /* Debug */,
				C295E6C421C503F100ED3837 /* Release */,
			);
			defaultConfigurationIsVisible = 0;
			defaultConfigurationName = Release;
		};
		C295E6C521C503F100ED3837 /* Build configuration list for PBXNativeTarget "ZomatoPractice" */ = {
			isa = XCConfigurationList;
			buildConfigurations = (
				C295E6C621C503F100ED3837 /* Debug */,
				C295E6C721C503F100ED3837 /* Release */,
			);
			defaultConfigurationIsVisible = 0;
			defaultConfigurationName = Release;
		};
		C295E6C821C503F100ED3837 /* Build configuration list for PBXNativeTarget "ZomatoPracticeTests" */ = {
			isa = XCConfigurationList;
			buildConfigurations = (
				C295E6C921C503F100ED3837 /* Debug */,
				C295E6CA21C503F100ED3837 /* Release */,
			);
			defaultConfigurationIsVisible = 0;
			defaultConfigurationName = Release;
		};
		C295E6CB21C503F100ED3837 /* Build configuration list for PBXNativeTarget "ZomatoPracticeUITests" */ = {
			isa = XCConfigurationList;
			buildConfigurations = (
				C295E6CC21C503F100ED3837 /* Debug */,
				C295E6CD21C503F100ED3837 /* Release */,
			);
			defaultConfigurationIsVisible = 0;
			defaultConfigurationName = Release;
		};
/* End XCConfigurationList section */
	};
	rootObject = C295E69521C503EC00ED3837 /* Project object */;
}
